# This file is automatically @generated by Cargo.
# It is not intended for manual editing.
version = 4

[[package]]
name = "multiplicity-algebra"
version = "0.1.0"
dependencies = [
 "multiplicity-core",
]

[[package]]
name = "multiplicity-core"
version = "0.1.0"

[[package]]
name = "multiplicity-kani"
version = "0.1.0"
dependencies = [
 "multiplicity-algebra",
 "multiplicity-core",
 "multiplicity-primes",
 "multiplicity-rsa",
]

[[package]]
name = "multiplicity-primes"
version = "0.1.0"

[[package]]
name = "multiplicity-rsa"
version = "0.1.0"
